
Microsoft Visual Studio Solution File, Format Version 12.00
# Visual Studio Version 17
VisualStudioVersion = 17.12.35527.113 d17.12
MinimumVisualStudioVersion = 10.0.40219.1
Project("{FAE04EC0-301F-11D3-BF4B-00C04F79EFBC}") = "bai1", "bai1\bai1.csproj", "{0205B51B-4428-44A3-9995-F446E6EF5D11}"
EndProject
Project("{FAE04EC0-301F-11D3-BF4B-00C04F79EFBC}") = "bai2", "bai2\bai2.csproj", "{3626C8D2-D5A7-4FC4-B1B4-B96D07E0BD28}"
EndProject
Project("{FAE04EC0-301F-11D3-BF4B-00C04F79EFBC}") = "bai3", "bai3\bai3.csproj", "{C247ED8B-43D7-498B-A1A1-3E83D70C421A}"
EndProject
Project("{FAE04EC0-301F-11D3-BF4B-00C04F79EFBC}") = "bai3b", "bai3b\bai3b.csproj", "{972D4FD1-7628-4117-B161-E969FC43AF47}"
EndProject
Project("{FAE04EC0-301F-11D3-BF4B-00C04F79EFBC}") = "bai4", "bai4\bai4.csproj", "{E03085F9-BD33-455A-94C7-0554B1BBD780}"
EndProject
Project("{FAE04EC0-301F-11D3-BF4B-00C04F79EFBC}") = "bai 5", "bai 5\bai 5.csproj", "{F13579A2-A751-4E14-AC01-E1138DA6C2D6}"
EndProject
Global
	GlobalSection(SolutionConfigurationPlatforms) = preSolution
		Debug|Any CPU = Debug|Any CPU
		Release|Any CPU = Release|Any CPU
	EndGlobalSection
	GlobalSection(ProjectConfigurationPlatforms) = postSolution
		{0205B51B-4428-44A3-9995-F446E6EF5D11}.Debug|Any CPU.ActiveCfg = Debug|Any CPU
		{0205B51B-4428-44A3-9995-F446E6EF5D11}.Debug|Any CPU.Build.0 = Debug|Any CPU
		{0205B51B-4428-44A3-9995-F446E6EF5D11}.Release|Any CPU.ActiveCfg = Release|Any CPU
		{0205B51B-4428-44A3-9995-F446E6EF5D11}.Release|Any CPU.Build.0 = Release|Any CPU
		{3626C8D2-D5A7-4FC4-B1B4-B96D07E0BD28}.Debug|Any CPU.ActiveCfg = Debug|Any CPU
		{3626C8D2-D5A7-4FC4-B1B4-B96D07E0BD28}.Debug|Any CPU.Build.0 = Debug|Any CPU
		{3626C8D2-D5A7-4FC4-B1B4-B96D07E0BD28}.Release|Any CPU.ActiveCfg = Release|Any CPU
		{3626C8D2-D5A7-4FC4-B1B4-B96D07E0BD28}.Release|Any CPU.Build.0 = Release|Any CPU
		{C247ED8B-43D7-498B-A1A1-3E83D70C421A}.Debug|Any CPU.ActiveCfg = Debug|Any CPU
		{C247ED8B-43D7-498B-A1A1-3E83D70C421A}.Debug|Any CPU.Build.0 = Debug|Any CPU
		{C247ED8B-43D7-498B-A1A1-3E83D70C421A}.Release|Any CPU.ActiveCfg = Release|Any CPU
		{C247ED8B-43D7-498B-A1A1-3E83D70C421A}.Release|Any CPU.Build.0 = Release|Any CPU
		{972D4FD1-7628-4117-B161-E969FC43AF47}.Debug|Any CPU.ActiveCfg = Debug|Any CPU
		{972D4FD1-7628-4117-B161-E969FC43AF47}.Debug|Any CPU.Build.0 = Debug|Any CPU
		{972D4FD1-7628-4117-B161-E969FC43AF47}.Release|Any CPU.ActiveCfg = Release|Any CPU
		{972D4FD1-7628-4117-B161-E969FC43AF47}.Release|Any CPU.Build.0 = Release|Any CPU
		{E03085F9-BD33-455A-94C7-0554B1BBD780}.Debug|Any CPU.ActiveCfg = Debug|Any CPU
		{E03085F9-BD33-455A-94C7-0554B1BBD780}.Debug|Any CPU.Build.0 = Debug|Any CPU
		{E03085F9-BD33-455A-94C7-0554B1BBD780}.Release|Any CPU.ActiveCfg = Release|Any CPU
		{E03085F9-BD33-455A-94C7-0554B1BBD780}.Release|Any CPU.Build.0 = Release|Any CPU
		{F13579A2-A751-4E14-AC01-E1138DA6C2D6}.Debug|Any CPU.ActiveCfg = Debug|Any CPU
		{F13579A2-A751-4E14-AC01-E1138DA6C2D6}.Debug|Any CPU.Build.0 = Debug|Any CPU
		{F13579A2-A751-4E14-AC01-E1138DA6C2D6}.Release|Any CPU.ActiveCfg = Release|Any CPU
		{F13579A2-A751-4E14-AC01-E1138DA6C2D6}.Release|Any CPU.Build.0 = Release|Any CPU
	EndGlobalSection
	GlobalSection(SolutionProperties) = preSolution
		HideSolutionNode = FALSE
	EndGlobalSection
EndGlobal
